
Microsoft Visual Studio Solution File, Format Version 12.00
# Visual Studio Version 16
VisualStudioVersion = 16.0.30002.166
MinimumVisualStudioVersion = 10.0.40219.1
Project("{8BC9CEB8-8B4A-11D0-8D11-00A0C91BC942}") = "4.B.5", "4.B.1.vcxproj", "{DB432AD8-6633-44BC-B6F8-5C631B3FC0CF}"
EndProject
Project("{8BC9CEB8-8B4A-11D0-8D11-00A0C91BC942}") = "4.B.7", "..\4.B.7\4.B.7.vcxproj", "{2E47C1E1-094F-4405-BFA0-66255A2932BB}"
EndProject
Global
	GlobalSection(SolutionConfigurationPlatforms) = preSolution
		Debug|x64 = Debug|x64
		Debug|x86 = Debug|x86
		Release|x64 = Release|x64
		Release|x86 = Release|x86
	EndGlobalSection
	GlobalSection(ProjectConfigurationPlatforms) = postSolution
		{DB432AD8-6633-44BC-B6F8-5C631B3FC0CF}.Debug|x64.ActiveCfg = Debug|x64
		{DB432AD8-6633-44BC-B6F8-5C631B3FC0CF}.Debug|x64.Build.0 = Debug|x64
		{DB432AD8-6633-44BC-B6F8-5C631B3FC0CF}.Debug|x86.ActiveCfg = Debug|Win32
		{DB432AD8-6633-44BC-B6F8-5C631B3FC0CF}.Debug|x86.Build.0 = Debug|Win32
		{DB432AD8-6633-44BC-B6F8-5C631B3FC0CF}.Release|x64.ActiveCfg = Release|x64
		{DB432AD8-6633-44BC-B6F8-5C631B3FC0CF}.Release|x64.Build.0 = Release|x64
		{DB432AD8-6633-44BC-B6F8-5C631B3FC0CF}.Release|x86.ActiveCfg = Release|Win32
		{DB432AD8-6633-44BC-B6F8-5C631B3FC0CF}.Release|x86.Build.0 = Release|Win32
		{2E47C1E1-094F-4405-BFA0-66255A2932BB}.Debug|x64.ActiveCfg = Debug|x64
		{2E47C1E1-094F-4405-BFA0-66255A2932BB}.Debug|x64.Build.0 = Debug|x64
		{2E47C1E1-094F-4405-BFA0-66255A2932BB}.Debug|x86.ActiveCfg = Debug|Win32
		{2E47C1E1-094F-4405-BFA0-66255A2932BB}.Debug|x86.Build.0 = Debug|Win32
		{2E47C1E1-094F-4405-BFA0-66255A2932BB}.Release|x64.ActiveCfg = Release|x64
		{2E47C1E1-094F-4405-BFA0-66255A2932BB}.Release|x64.Build.0 = Release|x64
		{2E47C1E1-094F-4405-BFA0-66255A2932BB}.Release|x86.ActiveCfg = Release|Win32
		{2E47C1E1-094F-4405-BFA0-66255A2932BB}.Release|x86.Build.0 = Release|Win32
	EndGlobalSection
	GlobalSection(SolutionProperties) = preSolution
		HideSolutionNode = FALSE
	EndGlobalSection
	GlobalSection(ExtensibilityGlobals) = postSolution
		SolutionGuid = {60FE5DDD-2D4E-44AE-90A4-DDCF78A810F6}
	EndGlobalSection
EndGlobal
