
Microsoft Visual Studio Solution File, Format Version 12.00
# Visual Studio Version 16
VisualStudioVersion = 16.0.30002.166
MinimumVisualStudioVersion = 10.0.40219.1
Project("{8BC9CEB8-8B4A-11D0-8D11-00A0C91BC942}") = "4.B.5", "4.B.1.vcxproj", "{DB432AD8-6633-44BC-B6F8-5C631B3FC0CF}"
EndProject
Project("{8BC9CEB8-8B4A-11D0-8D11-00A0C91BC942}") = "4.B.7", "..\4.B.7\4.B.7.vcxproj", "{2E47C1E1-094F-4405-BFA0-66255A2932BB}"
EndProject
Project("{8BC9CEB8-8B4A-11D0-8D11-00A0C91BC942}") = "4.1.1", "..\4.1.1\4.1.1.vcxproj", "{3C2C87D9-F8CD-4E5E-BAB2-04571C6BC582}"
EndProject
Project("{8BC9CEB8-8B4A-11D0-8D11-00A0C91BC942}") = "4.1.2", "..\4.1.2\4.1.2.vcxproj", "{6174A41A-DC31-490F-912F-D3A5A03B1993}"
EndProject
Project("{8BC9CEB8-8B4A-11D0-8D11-00A0C91BC942}") = "4.1.3", "..\4.1.3\4.1.3.vcxproj", "{B8A9FF30-C16E-4857-B82D-F1B8EA64FB6B}"
EndProject
Project("{8BC9CEB8-8B4A-11D0-8D11-00A0C91BC942}") = "4.2.1", "..\4.2.1\4.2.1.vcxproj", "{C0E283C5-B67A-4446-987A-0AA630B8C1BF}"
EndProject
Project("{8BC9CEB8-8B4A-11D0-8D11-00A0C91BC942}") = "4.3.1", "..\4.3.1\4.3.1.vcxproj", "{BC7A6231-D603-4585-A1EC-EB5F9E2C93E3}"
EndProject
Project("{8BC9CEB8-8B4A-11D0-8D11-00A0C91BC942}") = "4.4.1", "..\4.4.1\4.4.1.vcxproj", "{65704FC1-DB1F-4558-A02D-8A853142FA08}"
EndProject
Project("{8BC9CEB8-8B4A-11D0-8D11-00A0C91BC942}") = "4.4.2", "..\4.4.2\4.4.2.vcxproj", "{4E536564-21CD-4F4F-8157-4942D8F6F0B9}"
EndProject
Project("{8BC9CEB8-8B4A-11D0-8D11-00A0C91BC942}") = "4.5.1", "..\4.5.1\4.5.1.vcxproj", "{717BACAB-485C-487E-BC23-0AD4702BA44B}"
EndProject
Project("{8BC9CEB8-8B4A-11D0-8D11-00A0C91BC942}") = "4.B.6", "..\4.B.6\4.B.6.vcxproj", "{AEE2F955-B3F2-4704-BED7-F357DA7F95AE}"
EndProject
Project("{8BC9CEB8-8B4A-11D0-8D11-00A0C91BC942}") = "4.7.1", "..\4.7.1\4.7.1.vcxproj", "{FF8F897B-B9B3-4000-84E2-E5B4A803734A}"
EndProject
Project("{8BC9CEB8-8B4A-11D0-8D11-00A0C91BC942}") = "4.8.1", "..\4.8.1\4.8.1.vcxproj", "{0D4B52C6-5E19-46FB-9FC5-C7F2A7B6A96E}"
EndProject
Project("{8BC9CEB8-8B4A-11D0-8D11-00A0C91BC942}") = "4.U.1", "..\4.U\4.U.vcxproj", "{F12CE416-0292-4B36-97C6-01B56233C4A0}"
EndProject
Project("{8BC9CEB8-8B4A-11D0-8D11-00A0C91BC942}") = "4.U.2", "..\4.U.2\4.U.2.vcxproj", "{25C6E6FB-573A-4534-9F6D-005914859751}"
EndProject
Project("{8BC9CEB8-8B4A-11D0-8D11-00A0C91BC942}") = "4.U.6", "..\4.U.6\4.U.6.vcxproj", "{553B8CF7-C220-4578-A1AC-7D2AD62A4D81}"
EndProject
Global
	GlobalSection(SolutionConfigurationPlatforms) = preSolution
		Debug|x64 = Debug|x64
		Debug|x86 = Debug|x86
		Release|x64 = Release|x64
		Release|x86 = Release|x86
	EndGlobalSection
	GlobalSection(ProjectConfigurationPlatforms) = postSolution
		{DB432AD8-6633-44BC-B6F8-5C631B3FC0CF}.Debug|x64.ActiveCfg = Debug|x64
		{DB432AD8-6633-44BC-B6F8-5C631B3FC0CF}.Debug|x64.Build.0 = Debug|x64
		{DB432AD8-6633-44BC-B6F8-5C631B3FC0CF}.Debug|x86.ActiveCfg = Debug|Win32
		{DB432AD8-6633-44BC-B6F8-5C631B3FC0CF}.Debug|x86.Build.0 = Debug|Win32
		{DB432AD8-6633-44BC-B6F8-5C631B3FC0CF}.Release|x64.ActiveCfg = Release|x64
		{DB432AD8-6633-44BC-B6F8-5C631B3FC0CF}.Release|x64.Build.0 = Release|x64
		{DB432AD8-6633-44BC-B6F8-5C631B3FC0CF}.Release|x86.ActiveCfg = Release|Win32
		{DB432AD8-6633-44BC-B6F8-5C631B3FC0CF}.Release|x86.Build.0 = Release|Win32
		{2E47C1E1-094F-4405-BFA0-66255A2932BB}.Debug|x64.ActiveCfg = Debug|x64
		{2E47C1E1-094F-4405-BFA0-66255A2932BB}.Debug|x64.Build.0 = Debug|x64
		{2E47C1E1-094F-4405-BFA0-66255A2932BB}.Debug|x86.ActiveCfg = Debug|Win32
		{2E47C1E1-094F-4405-BFA0-66255A2932BB}.Debug|x86.Build.0 = Debug|Win32
		{2E47C1E1-094F-4405-BFA0-66255A2932BB}.Release|x64.ActiveCfg = Release|x64
		{2E47C1E1-094F-4405-BFA0-66255A2932BB}.Release|x64.Build.0 = Release|x64
		{2E47C1E1-094F-4405-BFA0-66255A2932BB}.Release|x86.ActiveCfg = Release|Win32
		{2E47C1E1-094F-4405-BFA0-66255A2932BB}.Release|x86.Build.0 = Release|Win32
		{3C2C87D9-F8CD-4E5E-BAB2-04571C6BC582}.Debug|x64.ActiveCfg = Debug|x64
		{3C2C87D9-F8CD-4E5E-BAB2-04571C6BC582}.Debug|x64.Build.0 = Debug|x64
		{3C2C87D9-F8CD-4E5E-BAB2-04571C6BC582}.Debug|x86.ActiveCfg = Debug|Win32
		{3C2C87D9-F8CD-4E5E-BAB2-04571C6BC582}.Debug|x86.Build.0 = Debug|Win32
		{3C2C87D9-F8CD-4E5E-BAB2-04571C6BC582}.Release|x64.ActiveCfg = Release|x64
		{3C2C87D9-F8CD-4E5E-BAB2-04571C6BC582}.Release|x64.Build.0 = Release|x64
		{3C2C87D9-F8CD-4E5E-BAB2-04571C6BC582}.Release|x86.ActiveCfg = Release|Win32
		{3C2C87D9-F8CD-4E5E-BAB2-04571C6BC582}.Release|x86.Build.0 = Release|Win32
		{6174A41A-DC31-490F-912F-D3A5A03B1993}.Debug|x64.ActiveCfg = Debug|x64
		{6174A41A-DC31-490F-912F-D3A5A03B1993}.Debug|x64.Build.0 = Debug|x64
		{6174A41A-DC31-490F-912F-D3A5A03B1993}.Debug|x86.ActiveCfg = Debug|Win32
		{6174A41A-DC31-490F-912F-D3A5A03B1993}.Debug|x86.Build.0 = Debug|Win32
		{6174A41A-DC31-490F-912F-D3A5A03B1993}.Release|x64.ActiveCfg = Release|x64
		{6174A41A-DC31-490F-912F-D3A5A03B1993}.Release|x64.Build.0 = Release|x64
		{6174A41A-DC31-490F-912F-D3A5A03B1993}.Release|x86.ActiveCfg = Release|Win32
		{6174A41A-DC31-490F-912F-D3A5A03B1993}.Release|x86.Build.0 = Release|Win32
		{B8A9FF30-C16E-4857-B82D-F1B8EA64FB6B}.Debug|x64.ActiveCfg = Debug|x64
		{B8A9FF30-C16E-4857-B82D-F1B8EA64FB6B}.Debug|x64.Build.0 = Debug|x64
		{B8A9FF30-C16E-4857-B82D-F1B8EA64FB6B}.Debug|x86.ActiveCfg = Debug|Win32
		{B8A9FF30-C16E-4857-B82D-F1B8EA64FB6B}.Debug|x86.Build.0 = Debug|Win32
		{B8A9FF30-C16E-4857-B82D-F1B8EA64FB6B}.Release|x64.ActiveCfg = Release|x64
		{B8A9FF30-C16E-4857-B82D-F1B8EA64FB6B}.Release|x64.Build.0 = Release|x64
		{B8A9FF30-C16E-4857-B82D-F1B8EA64FB6B}.Release|x86.ActiveCfg = Release|Win32
		{B8A9FF30-C16E-4857-B82D-F1B8EA64FB6B}.Release|x86.Build.0 = Release|Win32
		{C0E283C5-B67A-4446-987A-0AA630B8C1BF}.Debug|x64.ActiveCfg = Debug|x64
		{C0E283C5-B67A-4446-987A-0AA630B8C1BF}.Debug|x64.Build.0 = Debug|x64
		{C0E283C5-B67A-4446-987A-0AA630B8C1BF}.Debug|x86.ActiveCfg = Debug|Win32
		{C0E283C5-B67A-4446-987A-0AA630B8C1BF}.Debug|x86.Build.0 = Debug|Win32
		{C0E283C5-B67A-4446-987A-0AA630B8C1BF}.Release|x64.ActiveCfg = Release|x64
		{C0E283C5-B67A-4446-987A-0AA630B8C1BF}.Release|x64.Build.0 = Release|x64
		{C0E283C5-B67A-4446-987A-0AA630B8C1BF}.Release|x86.ActiveCfg = Release|Win32
		{C0E283C5-B67A-4446-987A-0AA630B8C1BF}.Release|x86.Build.0 = Release|Win32
		{BC7A6231-D603-4585-A1EC-EB5F9E2C93E3}.Debug|x64.ActiveCfg = Debug|x64
		{BC7A6231-D603-4585-A1EC-EB5F9E2C93E3}.Debug|x64.Build.0 = Debug|x64
		{BC7A6231-D603-4585-A1EC-EB5F9E2C93E3}.Debug|x86.ActiveCfg = Debug|Win32
		{BC7A6231-D603-4585-A1EC-EB5F9E2C93E3}.Debug|x86.Build.0 = Debug|Win32
		{BC7A6231-D603-4585-A1EC-EB5F9E2C93E3}.Release|x64.ActiveCfg = Release|x64
		{BC7A6231-D603-4585-A1EC-EB5F9E2C93E3}.Release|x64.Build.0 = Release|x64
		{BC7A6231-D603-4585-A1EC-EB5F9E2C93E3}.Release|x86.ActiveCfg = Release|Win32
		{BC7A6231-D603-4585-A1EC-EB5F9E2C93E3}.Release|x86.Build.0 = Release|Win32
		{65704FC1-DB1F-4558-A02D-8A853142FA08}.Debug|x64.ActiveCfg = Debug|x64
		{65704FC1-DB1F-4558-A02D-8A853142FA08}.Debug|x64.Build.0 = Debug|x64
		{65704FC1-DB1F-4558-A02D-8A853142FA08}.Debug|x86.ActiveCfg = Debug|Win32
		{65704FC1-DB1F-4558-A02D-8A853142FA08}.Debug|x86.Build.0 = Debug|Win32
		{65704FC1-DB1F-4558-A02D-8A853142FA08}.Release|x64.ActiveCfg = Release|x64
		{65704FC1-DB1F-4558-A02D-8A853142FA08}.Release|x64.Build.0 = Release|x64
		{65704FC1-DB1F-4558-A02D-8A853142FA08}.Release|x86.ActiveCfg = Release|Win32
		{65704FC1-DB1F-4558-A02D-8A853142FA08}.Release|x86.Build.0 = Release|Win32
		{4E536564-21CD-4F4F-8157-4942D8F6F0B9}.Debug|x64.ActiveCfg = Debug|x64
		{4E536564-21CD-4F4F-8157-4942D8F6F0B9}.Debug|x64.Build.0 = Debug|x64
		{4E536564-21CD-4F4F-8157-4942D8F6F0B9}.Debug|x86.ActiveCfg = Debug|Win32
		{4E536564-21CD-4F4F-8157-4942D8F6F0B9}.Debug|x86.Build.0 = Debug|Win32
		{4E536564-21CD-4F4F-8157-4942D8F6F0B9}.Release|x64.ActiveCfg = Release|x64
		{4E536564-21CD-4F4F-8157-4942D8F6F0B9}.Release|x64.Build.0 = Release|x64
		{4E536564-21CD-4F4F-8157-4942D8F6F0B9}.Release|x86.ActiveCfg = Release|Win32
		{4E536564-21CD-4F4F-8157-4942D8F6F0B9}.Release|x86.Build.0 = Release|Win32
		{717BACAB-485C-487E-BC23-0AD4702BA44B}.Debug|x64.ActiveCfg = Debug|x64
		{717BACAB-485C-487E-BC23-0AD4702BA44B}.Debug|x64.Build.0 = Debug|x64
		{717BACAB-485C-487E-BC23-0AD4702BA44B}.Debug|x86.ActiveCfg = Debug|Win32
		{717BACAB-485C-487E-BC23-0AD4702BA44B}.Debug|x86.Build.0 = Debug|Win32
		{717BACAB-485C-487E-BC23-0AD4702BA44B}.Release|x64.ActiveCfg = Release|x64
		{717BACAB-485C-487E-BC23-0AD4702BA44B}.Release|x64.Build.0 = Release|x64
		{717BACAB-485C-487E-BC23-0AD4702BA44B}.Release|x86.ActiveCfg = Release|Win32
		{717BACAB-485C-487E-BC23-0AD4702BA44B}.Release|x86.Build.0 = Release|Win32
		{AEE2F955-B3F2-4704-BED7-F357DA7F95AE}.Debug|x64.ActiveCfg = Debug|x64
		{AEE2F955-B3F2-4704-BED7-F357DA7F95AE}.Debug|x64.Build.0 = Debug|x64
		{AEE2F955-B3F2-4704-BED7-F357DA7F95AE}.Debug|x86.ActiveCfg = Debug|Win32
		{AEE2F955-B3F2-4704-BED7-F357DA7F95AE}.Debug|x86.Build.0 = Debug|Win32
		{AEE2F955-B3F2-4704-BED7-F357DA7F95AE}.Release|x64.ActiveCfg = Release|x64
		{AEE2F955-B3F2-4704-BED7-F357DA7F95AE}.Release|x64.Build.0 = Release|x64
		{AEE2F955-B3F2-4704-BED7-F357DA7F95AE}.Release|x86.ActiveCfg = Release|Win32
		{AEE2F955-B3F2-4704-BED7-F357DA7F95AE}.Release|x86.Build.0 = Release|Win32
		{FF8F897B-B9B3-4000-84E2-E5B4A803734A}.Debug|x64.ActiveCfg = Debug|x64
		{FF8F897B-B9B3-4000-84E2-E5B4A803734A}.Debug|x64.Build.0 = Debug|x64
		{FF8F897B-B9B3-4000-84E2-E5B4A803734A}.Debug|x86.ActiveCfg = Debug|Win32
		{FF8F897B-B9B3-4000-84E2-E5B4A803734A}.Debug|x86.Build.0 = Debug|Win32
		{FF8F897B-B9B3-4000-84E2-E5B4A803734A}.Release|x64.ActiveCfg = Release|x64
		{FF8F897B-B9B3-4000-84E2-E5B4A803734A}.Release|x64.Build.0 = Release|x64
		{FF8F897B-B9B3-4000-84E2-E5B4A803734A}.Release|x86.ActiveCfg = Release|Win32
		{FF8F897B-B9B3-4000-84E2-E5B4A803734A}.Release|x86.Build.0 = Release|Win32
		{0D4B52C6-5E19-46FB-9FC5-C7F2A7B6A96E}.Debug|x64.ActiveCfg = Debug|x64
		{0D4B52C6-5E19-46FB-9FC5-C7F2A7B6A96E}.Debug|x64.Build.0 = Debug|x64
		{0D4B52C6-5E19-46FB-9FC5-C7F2A7B6A96E}.Debug|x86.ActiveCfg = Debug|Win32
		{0D4B52C6-5E19-46FB-9FC5-C7F2A7B6A96E}.Debug|x86.Build.0 = Debug|Win32
		{0D4B52C6-5E19-46FB-9FC5-C7F2A7B6A96E}.Release|x64.ActiveCfg = Release|x64
		{0D4B52C6-5E19-46FB-9FC5-C7F2A7B6A96E}.Release|x64.Build.0 = Release|x64
		{0D4B52C6-5E19-46FB-9FC5-C7F2A7B6A96E}.Release|x86.ActiveCfg = Release|Win32
		{0D4B52C6-5E19-46FB-9FC5-C7F2A7B6A96E}.Release|x86.Build.0 = Release|Win32
		{F12CE416-0292-4B36-97C6-01B56233C4A0}.Debug|x64.ActiveCfg = Debug|x64
		{F12CE416-0292-4B36-97C6-01B56233C4A0}.Debug|x64.Build.0 = Debug|x64
		{F12CE416-0292-4B36-97C6-01B56233C4A0}.Debug|x86.ActiveCfg = Debug|Win32
		{F12CE416-0292-4B36-97C6-01B56233C4A0}.Debug|x86.Build.0 = Debug|Win32
		{F12CE416-0292-4B36-97C6-01B56233C4A0}.Release|x64.ActiveCfg = Release|x64
		{F12CE416-0292-4B36-97C6-01B56233C4A0}.Release|x64.Build.0 = Release|x64
		{F12CE416-0292-4B36-97C6-01B56233C4A0}.Release|x86.ActiveCfg = Release|Win32
		{F12CE416-0292-4B36-97C6-01B56233C4A0}.Release|x86.Build.0 = Release|Win32
		{25C6E6FB-573A-4534-9F6D-005914859751}.Debug|x64.ActiveCfg = Debug|x64
		{25C6E6FB-573A-4534-9F6D-005914859751}.Debug|x64.Build.0 = Debug|x64
		{25C6E6FB-573A-4534-9F6D-005914859751}.Debug|x86.ActiveCfg = Debug|Win32
		{25C6E6FB-573A-4534-9F6D-005914859751}.Debug|x86.Build.0 = Debug|Win32
		{25C6E6FB-573A-4534-9F6D-005914859751}.Release|x64.ActiveCfg = Release|x64
		{25C6E6FB-573A-4534-9F6D-005914859751}.Release|x64.Build.0 = Release|x64
		{25C6E6FB-573A-4534-9F6D-005914859751}.Release|x86.ActiveCfg = Release|Win32
		{25C6E6FB-573A-4534-9F6D-005914859751}.Release|x86.Build.0 = Release|Win32
		{553B8CF7-C220-4578-A1AC-7D2AD62A4D81}.Debug|x64.ActiveCfg = Debug|x64
		{553B8CF7-C220-4578-A1AC-7D2AD62A4D81}.Debug|x64.Build.0 = Debug|x64
		{553B8CF7-C220-4578-A1AC-7D2AD62A4D81}.Debug|x86.ActiveCfg = Debug|Win32
		{553B8CF7-C220-4578-A1AC-7D2AD62A4D81}.Debug|x86.Build.0 = Debug|Win32
		{553B8CF7-C220-4578-A1AC-7D2AD62A4D81}.Release|x64.ActiveCfg = Release|x64
		{553B8CF7-C220-4578-A1AC-7D2AD62A4D81}.Release|x64.Build.0 = Release|x64
		{553B8CF7-C220-4578-A1AC-7D2AD62A4D81}.Release|x86.ActiveCfg = Release|Win32
		{553B8CF7-C220-4578-A1AC-7D2AD62A4D81}.Release|x86.Build.0 = Release|Win32
	EndGlobalSection
	GlobalSection(SolutionProperties) = preSolution
		HideSolutionNode = FALSE
	EndGlobalSection
	GlobalSection(ExtensibilityGlobals) = postSolution
		SolutionGuid = {60FE5DDD-2D4E-44AE-90A4-DDCF78A810F6}
	EndGlobalSection
EndGlobal
