
Microsoft Visual Studio Solution File, Format Version 12.00
# Visual Studio Version 16
VisualStudioVersion = 16.0.30002.166
MinimumVisualStudioVersion = 10.0.40219.1
Project("{8BC9CEB8-8B4A-11D0-8D11-00A0C91BC942}") = "S1", "Project1.vcxproj", "{6ADB755F-107F-4F0C-ABF1-D1C80BA05D2A}"
EndProject
Project("{8BC9CEB8-8B4A-11D0-8D11-00A0C91BC942}") = "S2", "..\S2\S2.vcxproj", "{3BF03BF4-C369-4BB8-85BC-24A808890A64}"
EndProject
Project("{8BC9CEB8-8B4A-11D0-8D11-00A0C91BC942}") = "S3", "..\S3\S3.vcxproj", "{FFF074D6-5C3C-4012-9A7D-5688B5462964}"
EndProject
Global
	GlobalSection(SolutionConfigurationPlatforms) = preSolution
		Debug|x64 = Debug|x64
		Debug|x86 = Debug|x86
		Release|x64 = Release|x64
		Release|x86 = Release|x86
	EndGlobalSection
	GlobalSection(ProjectConfigurationPlatforms) = postSolution
		{6ADB755F-107F-4F0C-ABF1-D1C80BA05D2A}.Debug|x64.ActiveCfg = Debug|x64
		{6ADB755F-107F-4F0C-ABF1-D1C80BA05D2A}.Debug|x64.Build.0 = Debug|x64
		{6ADB755F-107F-4F0C-ABF1-D1C80BA05D2A}.Debug|x86.ActiveCfg = Debug|Win32
		{6ADB755F-107F-4F0C-ABF1-D1C80BA05D2A}.Debug|x86.Build.0 = Debug|Win32
		{6ADB755F-107F-4F0C-ABF1-D1C80BA05D2A}.Release|x64.ActiveCfg = Release|x64
		{6ADB755F-107F-4F0C-ABF1-D1C80BA05D2A}.Release|x64.Build.0 = Release|x64
		{6ADB755F-107F-4F0C-ABF1-D1C80BA05D2A}.Release|x86.ActiveCfg = Release|Win32
		{6ADB755F-107F-4F0C-ABF1-D1C80BA05D2A}.Release|x86.Build.0 = Release|Win32
		{3BF03BF4-C369-4BB8-85BC-24A808890A64}.Debug|x64.ActiveCfg = Debug|x64
		{3BF03BF4-C369-4BB8-85BC-24A808890A64}.Debug|x64.Build.0 = Debug|x64
		{3BF03BF4-C369-4BB8-85BC-24A808890A64}.Debug|x86.ActiveCfg = Debug|Win32
		{3BF03BF4-C369-4BB8-85BC-24A808890A64}.Debug|x86.Build.0 = Debug|Win32
		{3BF03BF4-C369-4BB8-85BC-24A808890A64}.Release|x64.ActiveCfg = Release|x64
		{3BF03BF4-C369-4BB8-85BC-24A808890A64}.Release|x64.Build.0 = Release|x64
		{3BF03BF4-C369-4BB8-85BC-24A808890A64}.Release|x86.ActiveCfg = Release|Win32
		{3BF03BF4-C369-4BB8-85BC-24A808890A64}.Release|x86.Build.0 = Release|Win32
		{FFF074D6-5C3C-4012-9A7D-5688B5462964}.Debug|x64.ActiveCfg = Debug|x64
		{FFF074D6-5C3C-4012-9A7D-5688B5462964}.Debug|x64.Build.0 = Debug|x64
		{FFF074D6-5C3C-4012-9A7D-5688B5462964}.Debug|x86.ActiveCfg = Debug|Win32
		{FFF074D6-5C3C-4012-9A7D-5688B5462964}.Debug|x86.Build.0 = Debug|Win32
		{FFF074D6-5C3C-4012-9A7D-5688B5462964}.Release|x64.ActiveCfg = Release|x64
		{FFF074D6-5C3C-4012-9A7D-5688B5462964}.Release|x64.Build.0 = Release|x64
		{FFF074D6-5C3C-4012-9A7D-5688B5462964}.Release|x86.ActiveCfg = Release|Win32
		{FFF074D6-5C3C-4012-9A7D-5688B5462964}.Release|x86.Build.0 = Release|Win32
	EndGlobalSection
	GlobalSection(SolutionProperties) = preSolution
		HideSolutionNode = FALSE
	EndGlobalSection
	GlobalSection(ExtensibilityGlobals) = postSolution
		SolutionGuid = {6430B3FF-34C7-4D9E-8690-F8D2045EF8CC}
	EndGlobalSection
EndGlobal
