
Microsoft Visual Studio Solution File, Format Version 12.00
# Visual Studio Version 16
VisualStudioVersion = 16.0.30002.166
MinimumVisualStudioVersion = 10.0.40219.1
Project("{8BC9CEB8-8B4A-11D0-8D11-00A0C91BC942}") = "2.B.1", "2.B.1\2.B.1.vcxproj", "{B9BAB6C2-2869-470F-99B1-8B11209230E7}"
EndProject
Project("{8BC9CEB8-8B4A-11D0-8D11-00A0C91BC942}") = "2.B.2", "2.B.2\2.B.2.vcxproj", "{85137B0D-75AB-4775-ADD4-46A9BD8B4010}"
EndProject
Project("{8BC9CEB8-8B4A-11D0-8D11-00A0C91BC942}") = "2.1.2", "2.1.2\2.1.2.vcxproj", "{842CC891-F883-4EE4-9DF7-90408CEA112F}"
EndProject
Project("{8BC9CEB8-8B4A-11D0-8D11-00A0C91BC942}") = "2.2.1", "2.2.1\2.2.1.vcxproj", "{3F177EF1-1741-4338-ACE5-A32F89F0119A}"
EndProject
Project("{8BC9CEB8-8B4A-11D0-8D11-00A0C91BC942}") = "2.2.3", "2.2.3\2.2.3.vcxproj", "{5D32B327-1693-493A-B95C-62FDA257C269}"
EndProject
Project("{8BC9CEB8-8B4A-11D0-8D11-00A0C91BC942}") = "2.3.1", "2.3.1\2.3.1.vcxproj", "{514D3C21-4F68-4829-9A64-B15858864993}"
EndProject
Project("{8BC9CEB8-8B4A-11D0-8D11-00A0C91BC942}") = "2.5.1", "2.5.1\2.5.1.vcxproj", "{571D6E1E-9A6B-46B8-864C-F85493635DDD}"
EndProject
Project("{8BC9CEB8-8B4A-11D0-8D11-00A0C91BC942}") = "2.6.1", "2.6.1\2.6.1.vcxproj", "{41E43582-D832-4227-917D-851911CD90BC}"
EndProject
Project("{8BC9CEB8-8B4A-11D0-8D11-00A0C91BC942}") = "2.7.2", "2.7.2\2.7.2.vcxproj", "{E0679B0E-DB85-4259-B0B4-DE801A87AB5C}"
EndProject
Project("{8BC9CEB8-8B4A-11D0-8D11-00A0C91BC942}") = "2.L.2", "2.L.2\2.L.2.vcxproj", "{65A4FC86-A2FA-415B-8424-08E1D56E078B}"
EndProject
Project("{8BC9CEB8-8B4A-11D0-8D11-00A0C91BC942}") = "2.L.3", "2.L.3\2.L.3.vcxproj", "{3C8EA704-6BF6-412C-BBBB-414E0942B018}"
EndProject
Project("{8BC9CEB8-8B4A-11D0-8D11-00A0C91BC942}") = "2.L.4", "2.L.4\2.L.4.vcxproj", "{1BAD82AE-4C3A-4646-B13E-3B8BDE7F35A0}"
EndProject
Project("{8BC9CEB8-8B4A-11D0-8D11-00A0C91BC942}") = "2.L.6", "2.L.6\2.L.6.vcxproj", "{5686244D-F285-4DA8-ACAB-4E67B53A9609}"
EndProject
Global
	GlobalSection(SolutionConfigurationPlatforms) = preSolution
		Debug|x64 = Debug|x64
		Debug|x86 = Debug|x86
		Release|x64 = Release|x64
		Release|x86 = Release|x86
	EndGlobalSection
	GlobalSection(ProjectConfigurationPlatforms) = postSolution
		{B9BAB6C2-2869-470F-99B1-8B11209230E7}.Debug|x64.ActiveCfg = Debug|x64
		{B9BAB6C2-2869-470F-99B1-8B11209230E7}.Debug|x64.Build.0 = Debug|x64
		{B9BAB6C2-2869-470F-99B1-8B11209230E7}.Debug|x86.ActiveCfg = Debug|Win32
		{B9BAB6C2-2869-470F-99B1-8B11209230E7}.Debug|x86.Build.0 = Debug|Win32
		{B9BAB6C2-2869-470F-99B1-8B11209230E7}.Release|x64.ActiveCfg = Release|x64
		{B9BAB6C2-2869-470F-99B1-8B11209230E7}.Release|x64.Build.0 = Release|x64
		{B9BAB6C2-2869-470F-99B1-8B11209230E7}.Release|x86.ActiveCfg = Release|Win32
		{B9BAB6C2-2869-470F-99B1-8B11209230E7}.Release|x86.Build.0 = Release|Win32
		{85137B0D-75AB-4775-ADD4-46A9BD8B4010}.Debug|x64.ActiveCfg = Debug|x64
		{85137B0D-75AB-4775-ADD4-46A9BD8B4010}.Debug|x64.Build.0 = Debug|x64
		{85137B0D-75AB-4775-ADD4-46A9BD8B4010}.Debug|x86.ActiveCfg = Debug|Win32
		{85137B0D-75AB-4775-ADD4-46A9BD8B4010}.Debug|x86.Build.0 = Debug|Win32
		{85137B0D-75AB-4775-ADD4-46A9BD8B4010}.Release|x64.ActiveCfg = Release|x64
		{85137B0D-75AB-4775-ADD4-46A9BD8B4010}.Release|x64.Build.0 = Release|x64
		{85137B0D-75AB-4775-ADD4-46A9BD8B4010}.Release|x86.ActiveCfg = Release|Win32
		{85137B0D-75AB-4775-ADD4-46A9BD8B4010}.Release|x86.Build.0 = Release|Win32
		{842CC891-F883-4EE4-9DF7-90408CEA112F}.Debug|x64.ActiveCfg = Debug|x64
		{842CC891-F883-4EE4-9DF7-90408CEA112F}.Debug|x64.Build.0 = Debug|x64
		{842CC891-F883-4EE4-9DF7-90408CEA112F}.Debug|x86.ActiveCfg = Debug|Win32
		{842CC891-F883-4EE4-9DF7-90408CEA112F}.Debug|x86.Build.0 = Debug|Win32
		{842CC891-F883-4EE4-9DF7-90408CEA112F}.Release|x64.ActiveCfg = Release|x64
		{842CC891-F883-4EE4-9DF7-90408CEA112F}.Release|x64.Build.0 = Release|x64
		{842CC891-F883-4EE4-9DF7-90408CEA112F}.Release|x86.ActiveCfg = Release|Win32
		{842CC891-F883-4EE4-9DF7-90408CEA112F}.Release|x86.Build.0 = Release|Win32
		{3F177EF1-1741-4338-ACE5-A32F89F0119A}.Debug|x64.ActiveCfg = Debug|x64
		{3F177EF1-1741-4338-ACE5-A32F89F0119A}.Debug|x64.Build.0 = Debug|x64
		{3F177EF1-1741-4338-ACE5-A32F89F0119A}.Debug|x86.ActiveCfg = Debug|Win32
		{3F177EF1-1741-4338-ACE5-A32F89F0119A}.Debug|x86.Build.0 = Debug|Win32
		{3F177EF1-1741-4338-ACE5-A32F89F0119A}.Release|x64.ActiveCfg = Release|x64
		{3F177EF1-1741-4338-ACE5-A32F89F0119A}.Release|x64.Build.0 = Release|x64
		{3F177EF1-1741-4338-ACE5-A32F89F0119A}.Release|x86.ActiveCfg = Release|Win32
		{3F177EF1-1741-4338-ACE5-A32F89F0119A}.Release|x86.Build.0 = Release|Win32
		{5D32B327-1693-493A-B95C-62FDA257C269}.Debug|x64.ActiveCfg = Debug|x64
		{5D32B327-1693-493A-B95C-62FDA257C269}.Debug|x64.Build.0 = Debug|x64
		{5D32B327-1693-493A-B95C-62FDA257C269}.Debug|x86.ActiveCfg = Debug|Win32
		{5D32B327-1693-493A-B95C-62FDA257C269}.Debug|x86.Build.0 = Debug|Win32
		{5D32B327-1693-493A-B95C-62FDA257C269}.Release|x64.ActiveCfg = Release|x64
		{5D32B327-1693-493A-B95C-62FDA257C269}.Release|x64.Build.0 = Release|x64
		{5D32B327-1693-493A-B95C-62FDA257C269}.Release|x86.ActiveCfg = Release|Win32
		{5D32B327-1693-493A-B95C-62FDA257C269}.Release|x86.Build.0 = Release|Win32
		{514D3C21-4F68-4829-9A64-B15858864993}.Debug|x64.ActiveCfg = Debug|x64
		{514D3C21-4F68-4829-9A64-B15858864993}.Debug|x64.Build.0 = Debug|x64
		{514D3C21-4F68-4829-9A64-B15858864993}.Debug|x86.ActiveCfg = Debug|Win32
		{514D3C21-4F68-4829-9A64-B15858864993}.Debug|x86.Build.0 = Debug|Win32
		{514D3C21-4F68-4829-9A64-B15858864993}.Release|x64.ActiveCfg = Release|x64
		{514D3C21-4F68-4829-9A64-B15858864993}.Release|x64.Build.0 = Release|x64
		{514D3C21-4F68-4829-9A64-B15858864993}.Release|x86.ActiveCfg = Release|Win32
		{514D3C21-4F68-4829-9A64-B15858864993}.Release|x86.Build.0 = Release|Win32
		{571D6E1E-9A6B-46B8-864C-F85493635DDD}.Debug|x64.ActiveCfg = Debug|x64
		{571D6E1E-9A6B-46B8-864C-F85493635DDD}.Debug|x64.Build.0 = Debug|x64
		{571D6E1E-9A6B-46B8-864C-F85493635DDD}.Debug|x86.ActiveCfg = Debug|Win32
		{571D6E1E-9A6B-46B8-864C-F85493635DDD}.Debug|x86.Build.0 = Debug|Win32
		{571D6E1E-9A6B-46B8-864C-F85493635DDD}.Release|x64.ActiveCfg = Release|x64
		{571D6E1E-9A6B-46B8-864C-F85493635DDD}.Release|x64.Build.0 = Release|x64
		{571D6E1E-9A6B-46B8-864C-F85493635DDD}.Release|x86.ActiveCfg = Release|Win32
		{571D6E1E-9A6B-46B8-864C-F85493635DDD}.Release|x86.Build.0 = Release|Win32
		{41E43582-D832-4227-917D-851911CD90BC}.Debug|x64.ActiveCfg = Debug|x64
		{41E43582-D832-4227-917D-851911CD90BC}.Debug|x64.Build.0 = Debug|x64
		{41E43582-D832-4227-917D-851911CD90BC}.Debug|x86.ActiveCfg = Debug|Win32
		{41E43582-D832-4227-917D-851911CD90BC}.Debug|x86.Build.0 = Debug|Win32
		{41E43582-D832-4227-917D-851911CD90BC}.Release|x64.ActiveCfg = Release|x64
		{41E43582-D832-4227-917D-851911CD90BC}.Release|x64.Build.0 = Release|x64
		{41E43582-D832-4227-917D-851911CD90BC}.Release|x86.ActiveCfg = Release|Win32
		{41E43582-D832-4227-917D-851911CD90BC}.Release|x86.Build.0 = Release|Win32
		{E0679B0E-DB85-4259-B0B4-DE801A87AB5C}.Debug|x64.ActiveCfg = Debug|x64
		{E0679B0E-DB85-4259-B0B4-DE801A87AB5C}.Debug|x64.Build.0 = Debug|x64
		{E0679B0E-DB85-4259-B0B4-DE801A87AB5C}.Debug|x86.ActiveCfg = Debug|Win32
		{E0679B0E-DB85-4259-B0B4-DE801A87AB5C}.Debug|x86.Build.0 = Debug|Win32
		{E0679B0E-DB85-4259-B0B4-DE801A87AB5C}.Release|x64.ActiveCfg = Release|x64
		{E0679B0E-DB85-4259-B0B4-DE801A87AB5C}.Release|x64.Build.0 = Release|x64
		{E0679B0E-DB85-4259-B0B4-DE801A87AB5C}.Release|x86.ActiveCfg = Release|Win32
		{E0679B0E-DB85-4259-B0B4-DE801A87AB5C}.Release|x86.Build.0 = Release|Win32
		{65A4FC86-A2FA-415B-8424-08E1D56E078B}.Debug|x64.ActiveCfg = Debug|x64
		{65A4FC86-A2FA-415B-8424-08E1D56E078B}.Debug|x64.Build.0 = Debug|x64
		{65A4FC86-A2FA-415B-8424-08E1D56E078B}.Debug|x86.ActiveCfg = Debug|Win32
		{65A4FC86-A2FA-415B-8424-08E1D56E078B}.Debug|x86.Build.0 = Debug|Win32
		{65A4FC86-A2FA-415B-8424-08E1D56E078B}.Release|x64.ActiveCfg = Release|x64
		{65A4FC86-A2FA-415B-8424-08E1D56E078B}.Release|x64.Build.0 = Release|x64
		{65A4FC86-A2FA-415B-8424-08E1D56E078B}.Release|x86.ActiveCfg = Release|Win32
		{65A4FC86-A2FA-415B-8424-08E1D56E078B}.Release|x86.Build.0 = Release|Win32
		{3C8EA704-6BF6-412C-BBBB-414E0942B018}.Debug|x64.ActiveCfg = Debug|x64
		{3C8EA704-6BF6-412C-BBBB-414E0942B018}.Debug|x64.Build.0 = Debug|x64
		{3C8EA704-6BF6-412C-BBBB-414E0942B018}.Debug|x86.ActiveCfg = Debug|Win32
		{3C8EA704-6BF6-412C-BBBB-414E0942B018}.Debug|x86.Build.0 = Debug|Win32
		{3C8EA704-6BF6-412C-BBBB-414E0942B018}.Release|x64.ActiveCfg = Release|x64
		{3C8EA704-6BF6-412C-BBBB-414E0942B018}.Release|x64.Build.0 = Release|x64
		{3C8EA704-6BF6-412C-BBBB-414E0942B018}.Release|x86.ActiveCfg = Release|Win32
		{3C8EA704-6BF6-412C-BBBB-414E0942B018}.Release|x86.Build.0 = Release|Win32
		{1BAD82AE-4C3A-4646-B13E-3B8BDE7F35A0}.Debug|x64.ActiveCfg = Debug|x64
		{1BAD82AE-4C3A-4646-B13E-3B8BDE7F35A0}.Debug|x64.Build.0 = Debug|x64
		{1BAD82AE-4C3A-4646-B13E-3B8BDE7F35A0}.Debug|x86.ActiveCfg = Debug|Win32
		{1BAD82AE-4C3A-4646-B13E-3B8BDE7F35A0}.Debug|x86.Build.0 = Debug|Win32
		{1BAD82AE-4C3A-4646-B13E-3B8BDE7F35A0}.Release|x64.ActiveCfg = Release|x64
		{1BAD82AE-4C3A-4646-B13E-3B8BDE7F35A0}.Release|x64.Build.0 = Release|x64
		{1BAD82AE-4C3A-4646-B13E-3B8BDE7F35A0}.Release|x86.ActiveCfg = Release|Win32
		{1BAD82AE-4C3A-4646-B13E-3B8BDE7F35A0}.Release|x86.Build.0 = Release|Win32
		{5686244D-F285-4DA8-ACAB-4E67B53A9609}.Debug|x64.ActiveCfg = Debug|x64
		{5686244D-F285-4DA8-ACAB-4E67B53A9609}.Debug|x64.Build.0 = Debug|x64
		{5686244D-F285-4DA8-ACAB-4E67B53A9609}.Debug|x86.ActiveCfg = Debug|Win32
		{5686244D-F285-4DA8-ACAB-4E67B53A9609}.Debug|x86.Build.0 = Debug|Win32
		{5686244D-F285-4DA8-ACAB-4E67B53A9609}.Release|x64.ActiveCfg = Release|x64
		{5686244D-F285-4DA8-ACAB-4E67B53A9609}.Release|x64.Build.0 = Release|x64
		{5686244D-F285-4DA8-ACAB-4E67B53A9609}.Release|x86.ActiveCfg = Release|Win32
		{5686244D-F285-4DA8-ACAB-4E67B53A9609}.Release|x86.Build.0 = Release|Win32
	EndGlobalSection
	GlobalSection(SolutionProperties) = preSolution
		HideSolutionNode = FALSE
	EndGlobalSection
	GlobalSection(ExtensibilityGlobals) = postSolution
		SolutionGuid = {008EC3D5-B56E-4AD1-8377-3851BD9BE89A}
	EndGlobalSection
EndGlobal
