
Microsoft Visual Studio Solution File, Format Version 12.00
# Visual Studio Version 16
VisualStudioVersion = 16.0.30002.166
MinimumVisualStudioVersion = 10.0.40219.1
Project("{8BC9CEB8-8B4A-11D0-8D11-00A0C91BC942}") = "1.3.1", "Project1\Project1.vcxproj", "{ADD2262B-8A8A-4177-88C0-C571F061F112}"
EndProject
Project("{8BC9CEB8-8B4A-11D0-8D11-00A0C91BC942}") = "1.3.2", "Project2\Project2.vcxproj", "{C0D5219A-B409-4258-8EF5-7260221B2FCE}"
EndProject
Project("{8BC9CEB8-8B4A-11D0-8D11-00A0C91BC942}") = "1.3.3", "1.3.3\1.3.3.vcxproj", "{F6C27767-3B86-4DF1-B2F8-7E23E11C9E4C}"
EndProject
Project("{8BC9CEB8-8B4A-11D0-8D11-00A0C91BC942}") = "1.5.1", "1.5.1\1.5.1.vcxproj", "{F4ED926D-F3B4-4E8B-B1C6-9E50DE022B81}"
EndProject
Project("{8BC9CEB8-8B4A-11D0-8D11-00A0C91BC942}") = "1.5.2", "1.5.2\1.5.2.vcxproj", "{5CFCFBA7-9DDF-409D-8802-6AD10A42848E}"
EndProject
Project("{8BC9CEB8-8B4A-11D0-8D11-00A0C91BC942}") = "1.6.1", "1.6.1\1.6.1.vcxproj", "{F75ABADD-76E2-4193-B82B-0130C4C239A8}"
EndProject
Project("{8BC9CEB8-8B4A-11D0-8D11-00A0C91BC942}") = "1.6.2", "1.6.2\1.6.2.vcxproj", "{A185572A-751C-4E94-8FA4-1DE272C71E40}"
EndProject
Project("{8BC9CEB8-8B4A-11D0-8D11-00A0C91BC942}") = "1.7.1", "1.7.1\1.7.1.vcxproj", "{E257FAFB-8AA2-470F-B627-45A47006F076}"
EndProject
Project("{8BC9CEB8-8B4A-11D0-8D11-00A0C91BC942}") = "1.7.2", "1.7.2\1.7.2.vcxproj", "{D0E28789-3F14-4090-9CF5-655EF3B4D0D7}"
EndProject
Global
	GlobalSection(SolutionConfigurationPlatforms) = preSolution
		Debug|x64 = Debug|x64
		Debug|x86 = Debug|x86
		Release|x64 = Release|x64
		Release|x86 = Release|x86
	EndGlobalSection
	GlobalSection(ProjectConfigurationPlatforms) = postSolution
		{ADD2262B-8A8A-4177-88C0-C571F061F112}.Debug|x64.ActiveCfg = Debug|x64
		{ADD2262B-8A8A-4177-88C0-C571F061F112}.Debug|x64.Build.0 = Debug|x64
		{ADD2262B-8A8A-4177-88C0-C571F061F112}.Debug|x86.ActiveCfg = Debug|Win32
		{ADD2262B-8A8A-4177-88C0-C571F061F112}.Debug|x86.Build.0 = Debug|Win32
		{ADD2262B-8A8A-4177-88C0-C571F061F112}.Release|x64.ActiveCfg = Release|x64
		{ADD2262B-8A8A-4177-88C0-C571F061F112}.Release|x64.Build.0 = Release|x64
		{ADD2262B-8A8A-4177-88C0-C571F061F112}.Release|x86.ActiveCfg = Release|Win32
		{ADD2262B-8A8A-4177-88C0-C571F061F112}.Release|x86.Build.0 = Release|Win32
		{C0D5219A-B409-4258-8EF5-7260221B2FCE}.Debug|x64.ActiveCfg = Debug|x64
		{C0D5219A-B409-4258-8EF5-7260221B2FCE}.Debug|x64.Build.0 = Debug|x64
		{C0D5219A-B409-4258-8EF5-7260221B2FCE}.Debug|x86.ActiveCfg = Debug|Win32
		{C0D5219A-B409-4258-8EF5-7260221B2FCE}.Debug|x86.Build.0 = Debug|Win32
		{C0D5219A-B409-4258-8EF5-7260221B2FCE}.Release|x64.ActiveCfg = Release|x64
		{C0D5219A-B409-4258-8EF5-7260221B2FCE}.Release|x64.Build.0 = Release|x64
		{C0D5219A-B409-4258-8EF5-7260221B2FCE}.Release|x86.ActiveCfg = Release|Win32
		{C0D5219A-B409-4258-8EF5-7260221B2FCE}.Release|x86.Build.0 = Release|Win32
		{F6C27767-3B86-4DF1-B2F8-7E23E11C9E4C}.Debug|x64.ActiveCfg = Debug|x64
		{F6C27767-3B86-4DF1-B2F8-7E23E11C9E4C}.Debug|x64.Build.0 = Debug|x64
		{F6C27767-3B86-4DF1-B2F8-7E23E11C9E4C}.Debug|x86.ActiveCfg = Debug|Win32
		{F6C27767-3B86-4DF1-B2F8-7E23E11C9E4C}.Debug|x86.Build.0 = Debug|Win32
		{F6C27767-3B86-4DF1-B2F8-7E23E11C9E4C}.Release|x64.ActiveCfg = Release|x64
		{F6C27767-3B86-4DF1-B2F8-7E23E11C9E4C}.Release|x64.Build.0 = Release|x64
		{F6C27767-3B86-4DF1-B2F8-7E23E11C9E4C}.Release|x86.ActiveCfg = Release|Win32
		{F6C27767-3B86-4DF1-B2F8-7E23E11C9E4C}.Release|x86.Build.0 = Release|Win32
		{F4ED926D-F3B4-4E8B-B1C6-9E50DE022B81}.Debug|x64.ActiveCfg = Debug|x64
		{F4ED926D-F3B4-4E8B-B1C6-9E50DE022B81}.Debug|x64.Build.0 = Debug|x64
		{F4ED926D-F3B4-4E8B-B1C6-9E50DE022B81}.Debug|x86.ActiveCfg = Debug|Win32
		{F4ED926D-F3B4-4E8B-B1C6-9E50DE022B81}.Debug|x86.Build.0 = Debug|Win32
		{F4ED926D-F3B4-4E8B-B1C6-9E50DE022B81}.Release|x64.ActiveCfg = Release|x64
		{F4ED926D-F3B4-4E8B-B1C6-9E50DE022B81}.Release|x64.Build.0 = Release|x64
		{F4ED926D-F3B4-4E8B-B1C6-9E50DE022B81}.Release|x86.ActiveCfg = Release|Win32
		{F4ED926D-F3B4-4E8B-B1C6-9E50DE022B81}.Release|x86.Build.0 = Release|Win32
		{5CFCFBA7-9DDF-409D-8802-6AD10A42848E}.Debug|x64.ActiveCfg = Debug|x64
		{5CFCFBA7-9DDF-409D-8802-6AD10A42848E}.Debug|x64.Build.0 = Debug|x64
		{5CFCFBA7-9DDF-409D-8802-6AD10A42848E}.Debug|x86.ActiveCfg = Debug|Win32
		{5CFCFBA7-9DDF-409D-8802-6AD10A42848E}.Debug|x86.Build.0 = Debug|Win32
		{5CFCFBA7-9DDF-409D-8802-6AD10A42848E}.Release|x64.ActiveCfg = Release|x64
		{5CFCFBA7-9DDF-409D-8802-6AD10A42848E}.Release|x64.Build.0 = Release|x64
		{5CFCFBA7-9DDF-409D-8802-6AD10A42848E}.Release|x86.ActiveCfg = Release|Win32
		{5CFCFBA7-9DDF-409D-8802-6AD10A42848E}.Release|x86.Build.0 = Release|Win32
		{F75ABADD-76E2-4193-B82B-0130C4C239A8}.Debug|x64.ActiveCfg = Debug|x64
		{F75ABADD-76E2-4193-B82B-0130C4C239A8}.Debug|x64.Build.0 = Debug|x64
		{F75ABADD-76E2-4193-B82B-0130C4C239A8}.Debug|x86.ActiveCfg = Debug|Win32
		{F75ABADD-76E2-4193-B82B-0130C4C239A8}.Debug|x86.Build.0 = Debug|Win32
		{F75ABADD-76E2-4193-B82B-0130C4C239A8}.Release|x64.ActiveCfg = Release|x64
		{F75ABADD-76E2-4193-B82B-0130C4C239A8}.Release|x64.Build.0 = Release|x64
		{F75ABADD-76E2-4193-B82B-0130C4C239A8}.Release|x86.ActiveCfg = Release|Win32
		{F75ABADD-76E2-4193-B82B-0130C4C239A8}.Release|x86.Build.0 = Release|Win32
		{A185572A-751C-4E94-8FA4-1DE272C71E40}.Debug|x64.ActiveCfg = Debug|x64
		{A185572A-751C-4E94-8FA4-1DE272C71E40}.Debug|x64.Build.0 = Debug|x64
		{A185572A-751C-4E94-8FA4-1DE272C71E40}.Debug|x86.ActiveCfg = Debug|Win32
		{A185572A-751C-4E94-8FA4-1DE272C71E40}.Debug|x86.Build.0 = Debug|Win32
		{A185572A-751C-4E94-8FA4-1DE272C71E40}.Release|x64.ActiveCfg = Release|x64
		{A185572A-751C-4E94-8FA4-1DE272C71E40}.Release|x64.Build.0 = Release|x64
		{A185572A-751C-4E94-8FA4-1DE272C71E40}.Release|x86.ActiveCfg = Release|Win32
		{A185572A-751C-4E94-8FA4-1DE272C71E40}.Release|x86.Build.0 = Release|Win32
		{E257FAFB-8AA2-470F-B627-45A47006F076}.Debug|x64.ActiveCfg = Debug|x64
		{E257FAFB-8AA2-470F-B627-45A47006F076}.Debug|x64.Build.0 = Debug|x64
		{E257FAFB-8AA2-470F-B627-45A47006F076}.Debug|x86.ActiveCfg = Debug|Win32
		{E257FAFB-8AA2-470F-B627-45A47006F076}.Debug|x86.Build.0 = Debug|Win32
		{E257FAFB-8AA2-470F-B627-45A47006F076}.Release|x64.ActiveCfg = Release|x64
		{E257FAFB-8AA2-470F-B627-45A47006F076}.Release|x64.Build.0 = Release|x64
		{E257FAFB-8AA2-470F-B627-45A47006F076}.Release|x86.ActiveCfg = Release|Win32
		{E257FAFB-8AA2-470F-B627-45A47006F076}.Release|x86.Build.0 = Release|Win32
		{D0E28789-3F14-4090-9CF5-655EF3B4D0D7}.Debug|x64.ActiveCfg = Debug|x64
		{D0E28789-3F14-4090-9CF5-655EF3B4D0D7}.Debug|x64.Build.0 = Debug|x64
		{D0E28789-3F14-4090-9CF5-655EF3B4D0D7}.Debug|x86.ActiveCfg = Debug|Win32
		{D0E28789-3F14-4090-9CF5-655EF3B4D0D7}.Debug|x86.Build.0 = Debug|Win32
		{D0E28789-3F14-4090-9CF5-655EF3B4D0D7}.Release|x64.ActiveCfg = Release|x64
		{D0E28789-3F14-4090-9CF5-655EF3B4D0D7}.Release|x64.Build.0 = Release|x64
		{D0E28789-3F14-4090-9CF5-655EF3B4D0D7}.Release|x86.ActiveCfg = Release|Win32
		{D0E28789-3F14-4090-9CF5-655EF3B4D0D7}.Release|x86.Build.0 = Release|Win32
	EndGlobalSection
	GlobalSection(SolutionProperties) = preSolution
		HideSolutionNode = FALSE
	EndGlobalSection
	GlobalSection(ExtensibilityGlobals) = postSolution
		SolutionGuid = {B412568A-B23B-40EE-97CA-1E10D503F5C8}
	EndGlobalSection
EndGlobal
